{
  "requires": true,
  "lockfileVersion": 1,
  "dependencies": {
    "debug": {
      "version": "3.1.0",
      "resolved": "https://devops.www.uprr.com/artifactory/api/npm/npm-all-virtual/debug/-/debug-3.1.0.tgz",
      "integrity": "sha1-W7WgZyYotkFJVmuhaBnmFRjGcmE=",
      "requires": {
        "ms": "2.0.0"
      }
    },
    "method-override": {
      "version": "3.0.0",
      "resolved": "https://devops.www.uprr.com/artifactory/api/npm/npm-all-virtual/method-override/-/method-override-3.0.0.tgz",
      "integrity": "sha1-arDV1XTjII8VsMnPRatSAARo16I=",
      "requires": {
        "debug": "3.1.0",
        "methods": "~1.1.2",
        "parseurl": "~1.3.2",
        "vary": "~1.1.2"
      }
    },
    "methods": {
      "version": "1.1.2",
      "resolved": "https://devops.www.uprr.com/artifactory/api/npm/npm-all-virtual/methods/-/methods-1.1.2.tgz",
      "integrity": "sha1-VSmk1nZUE07cxSZmVoNbD4Ua/O4="
    },
    "ms": {
      "version": "2.0.0",
      "resolved": "https://devops.www.uprr.com/artifactory/api/npm/npm-all-virtual/ms/-/ms-2.0.0.tgz",
      "integrity": "sha1-VgiurfwAvmwpAd9fmGF4jeDVl8g="
    },
    "parseurl": {
      "version": "1.3.3",
      "resolved": "https://devops.www.uprr.com/artifactory/api/npm/npm-all-virtual/parseurl/-/parseurl-1.3.3.tgz",
      "integrity": "sha1-naGee+6NEt/wUT7Vt2lXeTvC6NQ="
    },
    "vary": {
      "version": "1.1.2",
      "resolved": "https://devops.www.uprr.com/artifactory/api/npm/npm-all-virtual/vary/-/vary-1.1.2.tgz",
      "integrity": "sha1-IpnwLG3tMNSllhsLn3RSShj2NPw="
    }
  }
}
